// !$*UTF8*$!
{
	archiveVersion = 1;
	classes = {
	};
	objectVersion = 46;
	objects = {

/* Begin PBXBuildFile section */
		D8FD6C661ED39F3600442809 /* AppDelegate.swift in Sources */ = {isa = PBXBuildFile; fileRef = D8FD6C651ED39F3600442809 /* AppDelegate.swift */; };
		D8FD6C681ED39F3600442809 /* ViewController.swift in Sources */ = {isa = PBXBuildFile; fileRef = D8FD6C671ED39F3600442809 /* ViewController.swift */; };
		D8FD6C6B1ED39F3600442809 /* Main.storyboard in Resources */ = {isa = PBXBuildFile; fileRef = D8FD6C691ED39F3600442809 /* Main.storyboard */; };
		D8FD6C6D1ED39F3600442809 /* Assets.xcassets in Resources */ = {isa = PBXBuildFile; fileRef = D8FD6C6C1ED39F3600442809 /* Assets.xcassets */; };
		D8FD6C701ED39F3600442809 /* LaunchScreen.storyboard in Resources */ = {isa = PBXBuildFile; fileRef = D8FD6C6E1ED39F3600442809 /* LaunchScreen.storyboard */; };
		D8FD6C7B1ED39F3600442809 /* FontAnimationTests.swift in Sources */ = {isa = PBXBuildFile; fileRef = D8FD6C7A1ED39F3600442809 /* FontAnimationTests.swift */; };
/* End PBXBuildFile section */

/* Begin PBXContainerItemProxy section */
		D8FD6C771ED39F3600442809 /* PBXContainerItemProxy */ = {
			isa = PBXContainerItemProxy;
			containerPortal = D8FD6C5A1ED39F3600442809 /* Project object */;
			proxyType = 1;
			remoteGlobalIDString = D8FD6C611ED39F3600442809;
			remoteInfo = FontAnimation;
		};
/* End PBXContainerItemProxy section */

/* Begin PBXFileReference section */
		D8FD6C621ED39F3600442809 /* FontAnimation.app */ = {isa = PBXFileReference; explicitFileType = wrapper.application; includeInIndex = 0; path = FontAnimation.app; sourceTree = BUILT_PRODUCTS_DIR; };
		D8FD6C651ED39F3600442809 /* AppDelegate.swift */ = {isa = PBXFileReference; lastKnownFileType = sourcecode.swift; path = AppDelegate.swift; sourceTree = "<group>"; };
		D8FD6C671ED39F3600442809 /* ViewController.swift */ = {isa = PBXFileReference; lastKnownFileType = sourcecode.swift; path = ViewController.swift; sourceTree = "<group>"; };
		D8FD6C6A1ED39F3600442809 /* Base */ = {isa = PBXFileReference; lastKnownFileType = file.storyboard; name = Base; path = Base.lproj/Main.storyboard; sourceTree = "<group>"; };
		D8FD6C6C1ED39F3600442809 /* Assets.xcassets */ = {isa = PBXFileReference; lastKnownFileType = folder.assetcatalog; path = Assets.xcassets; sourceTree = "<group>"; };
		D8FD6C6F1ED39F3600442809 /* Base */ = {isa = PBXFileReference; lastKnownFileType = file.storyboard; name = Base; path = Base.lproj/LaunchScreen.storyboard; sourceTree = "<group>"; };
		D8FD6C711ED39F3600442809 /* Info.plist */ = {isa = PBXFileReference; lastKnownFileType = text.plist.xml; path = Info.plist; sourceTree = "<group>"; };
		D8FD6C761ED39F3600442809 /* FontAnimationTests.xctest */ = {isa = PBXFileReference; explicitFileType = wrapper.cfbundle; includeInIndex = 0; path = FontAnimationTests.xctest; sourceTree = BUILT_PRODUCTS_DIR; };
		D8FD6C7A1ED39F3600442809 /* FontAnimationTests.swift */ = {isa = PBXFileReference; lastKnownFileType = sourcecode.swift; path = FontAnimationTests.swift; sourceTree = "<group>"; };
		D8FD6C7C1ED39F3600442809 /* Info.plist */ = {isa = PBXFileReference; lastKnownFileType = text.plist.xml; path = Info.plist; sourceTree = "<group>"; };
/* End PBXFileReference section */

/* Begin PBXFrameworksBuildPhase section */
		D8FD6C5F1ED39F3600442809 /* Frameworks */ = {
			isa = PBXFrameworksBuildPhase;
			buildActionMask = 2147483647;
			files = (
			);
			runOnlyForDeploymentPostprocessing = 0;
		};
		D8FD6C731ED39F3600442809 /* Frameworks */ = {
			isa = PBXFrameworksBuildPhase;
			buildActionMask = 2147483647;
			files = (
			);
			runOnlyForDeploymentPostprocessing = 0;
		};
/* End PBXFrameworksBuildPhase section */

/* Begin PBXGroup section */
		D8FD6C591ED39F3600442809 = {
			isa = PBXGroup;
			children = (
				D8FD6C641ED39F3600442809 /* FontAnimation */,
				D8FD6C791ED39F3600442809 /* FontAnimationTests */,
				D8FD6C631ED39F3600442809 /* Products */,
			);
			sourceTree = "<group>";
		};
		D8FD6C631ED39F3600442809 /* Products */ = {
			isa = PBXGroup;
			children = (
				D8FD6C621ED39F3600442809 /* FontAnimation.app */,
				D8FD6C761ED39F3600442809 /* FontAnimationTests.xctest */,
			);
			name = Products;
			sourceTree = "<group>";
		};
		D8FD6C641ED39F3600442809 /* FontAnimation */ = {
			isa = PBXGroup;
			children = (
				D8FD6C651ED39F3600442809 /* AppDelegate.swift */,
				D8FD6C671ED39F3600442809 /* ViewController.swift */,
				D8FD6C691ED39F3600442809 /* Main.storyboard */,
				D8FD6C6C1ED39F3600442809 /* Assets.xcassets */,
				D8FD6C6E1ED39F3600442809 /* LaunchScreen.storyboard */,
				D8FD6C711ED39F3600442809 /* Info.plist */,
			);
			path = FontAnimation;
			sourceTree = "<group>";
		};
		D8FD6C791ED39F3600442809 /* FontAnimationTests */ = {
			isa = PBXGroup;
			children = (
				D8FD6C7A1ED39F3600442809 /* FontAnimationTests.swift */,
				D8FD6C7C1ED39F3600442809 /* Info.plist */,
			);
			path = FontAnimationTests;
			sourceTree = "<group>";
		};
/* End PBXGroup section */

/* Begin PBXNativeTarget section */
		D8FD6C611ED39F3600442809 /* FontAnimation */ = {
			isa = PBXNativeTarget;
			buildConfigurationList = D8FD6C7F1ED39F3600442809 /* Build configuration list for PBXNativeTarget "FontAnimation" */;
			buildPhases = (
				D8FD6C5E1ED39F3600442809 /* Sources */,
				D8FD6C5F1ED39F3600442809 /* Frameworks */,
				D8FD6C601ED39F3600442809 /* Resources */,
			);
			buildRules = (
			);
			dependencies = (
			);
			name = FontAnimation;
			productName = FontAnimation;
			productReference = D8FD6C621ED39F3600442809 /* FontAnimation.app */;
			productType = "com.apple.product-type.application";
		};
		D8FD6C751ED39F3600442809 /* FontAnimationTests */ = {
			isa = PBXNativeTarget;
			buildConfigurationList = D8FD6C821ED39F3600442809 /* Build configuration list for PBXNativeTarget "FontAnimationTests" */;
			buildPhases = (
				D8FD6C721ED39F3600442809 /* Sources */,
				D8FD6C731ED39F3600442809 /* Frameworks */,
				D8FD6C741ED39F3600442809 /* Resources */,
			);
			buildRules = (
			);
			dependencies = (
				D8FD6C781ED39F3600442809 /* PBXTargetDependency */,
			);
			name = FontAnimationTests;
			productName = FontAnimationTests;
			productReference = D8FD6C761ED39F3600442809 /* FontAnimationTests.xctest */;
			productType = "com.apple.product-type.bundle.unit-test";
		};
/* End PBXNativeTarget section */

/* Begin PBXProject section */
		D8FD6C5A1ED39F3600442809 /* Project object */ = {
			isa = PBXProject;
			attributes = {
				LastSwiftUpdateCheck = 0830;
				LastUpgradeCheck = 0830;
				ORGANIZATIONNAME = "Sean Berry";
				TargetAttributes = {
					D8FD6C611ED39F3600442809 = {
						CreatedOnToolsVersion = 8.3.1;
						ProvisioningStyle = Automatic;
					};
					D8FD6C751ED39F3600442809 = {
						CreatedOnToolsVersion = 8.3.1;
						ProvisioningStyle = Automatic;
						TestTargetID = D8FD6C611ED39F3600442809;
					};
				};
			};
			buildConfigurationList = D8FD6C5D1ED39F3600442809 /* Build configuration list for PBXProject "FontAnimation" */;
			compatibilityVersion = "Xcode 3.2";
			developmentRegion = English;
			hasScannedForEncodings = 0;
			knownRegions = (
				en,
				Base,
			);
			mainGroup = D8FD6C591ED39F3600442809;
			productRefGroup = D8FD6C631ED39F3600442809 /* Products */;
			projectDirPath = "";
			projectRoot = "";
			targets = (
				D8FD6C611ED39F3600442809 /* FontAnimation */,
				D8FD6C751ED39F3600442809 /* FontAnimationTests */,
			);
		};
/* End PBXProject section */

/* Begin PBXResourcesBuildPhase section */
		D8FD6C601ED39F3600442809 /* Resources */ = {
			isa = PBXResourcesBuildPhase;
			buildActionMask = 2147483647;
			files = (
				D8FD6C701ED39F3600442809 /* LaunchScreen.storyboard in Resources */,
				D8FD6C6D1ED39F3600442809 /* Assets.xcassets in Resources */,
				D8FD6C6B1ED39F3600442809 /* Main.storyboard in Resources */,
			);
			runOnlyForDeploymentPostprocessing = 0;
		};
		D8FD6C741ED39F3600442809 /* Resources */ = {
			isa = PBXResourcesBuildPhase;
			buildActionMask = 2147483647;
			files = (
			);
			runOnlyForDeploymentPostprocessing = 0;
		};
/* End PBXResourcesBuildPhase section */

/* Begin PBXSourcesBuildPhase section */
		D8FD6C5E1ED39F3600442809 /* Sources */ = {
			isa = PBXSourcesBuildPhase;
			buildActionMask = 2147483647;
			files = (
				D8FD6C681ED39F3600442809 /* ViewController.swift in Sources */,
				D8FD6C661ED39F3600442809 /* AppDelegate.swift in Sources */,
			);
			runOnlyForDeploymentPostprocessing = 0;
		};
		D8FD6C721ED39F3600442809 /* Sources */ = {
			isa = PBXSourcesBuildPhase;
			buildActionMask = 2147483647;
			files = (
				D8FD6C7B1ED39F3600442809 /* FontAnimationTests.swift in Sources */,
			);
			runOnlyForDeploymentPostprocessing = 0;
		};
/* End PBXSourcesBuildPhase section */

/* Begin PBXTargetDependency section */
		D8FD6C781ED39F3600442809 /* PBXTargetDependency */ = {
			isa = PBXTargetDependency;
			target = D8FD6C611ED39F3600442809 /* FontAnimation */;
			targetProxy = D8FD6C771ED39F3600442809 /* PBXContainerItemProxy */;
		};
/* End PBXTargetDependency section */

/* Begin PBXVariantGroup section */
		D8FD6C691ED39F3600442809 /* Main.storyboard */ = {
			isa = PBXVariantGroup;
			children = (
				D8FD6C6A1ED39F3600442809 /* Base */,
			);
			name = Main.storyboard;
			sourceTree = "<group>";
		};
		D8FD6C6E1ED39F3600442809 /* LaunchScreen.storyboard */ = {
			isa = PBXVariantGroup;
			children = (
				D8FD6C6F1ED39F3600442809 /* Base */,
			);
			name = LaunchScreen.storyboard;
			sourceTree = "<group>";
		};
/* End PBXVariantGroup section */

/* Begin XCBuildConfiguration section */
		D8FD6C7D1ED39F3600442809 /* Debug */ = {
			isa = XCBuildConfiguration;
			buildSettings = {
				ALWAYS_SEARCH_USER_PATHS = NO;
				CLANG_ANALYZER_NONNULL = YES;
				CLANG_ANALYZER_NUMBER_OBJECT_CONVERSION = YES_AGGRESSIVE;
				CLANG_CXX_LANGUAGE_STANDARD = "gnu++0x";
				CLANG_CXX_LIBRARY = "libc++";
				CLANG_ENABLE_MODULES = YES;
				CLANG_ENABLE_OBJC_ARC = YES;
				CLANG_WARN_BOOL_CONVERSION = YES;
				CLANG_WARN_CONSTANT_CONVERSION = YES;
				CLANG_WARN_DIRECT_OBJC_ISA_USAGE = YES_ERROR;
				CLANG_WARN_DOCUMENTATION_COMMENTS = YES;
				CLANG_WARN_EMPTY_BODY = YES;
				CLANG_WARN_ENUM_CONVERSION = YES;
				CLANG_WARN_INFINITE_RECURSION = YES;
				CLANG_WARN_INT_CONVERSION = YES;
				CLANG_WARN_OBJC_ROOT_CLASS = YES_ERROR;
				CLANG_WARN_SUSPICIOUS_MOVE = YES;
				CLANG_WARN_UNREACHABLE_CODE = YES;
				CLANG_WARN__DUPLICATE_METHOD_MATCH = YES;
				"CODE_SIGN_IDENTITY[sdk=iphoneos*]" = "iPhone Developer";
				COPY_PHASE_STRIP = NO;
				DEBUG_INFORMATION_FORMAT = dwarf;
				ENABLE_STRICT_OBJC_MSGSEND = YES;
				ENABLE_TESTABILITY = YES;
				GCC_C_LANGUAGE_STANDARD = gnu99;
				GCC_DYNAMIC_NO_PIC = NO;
				GCC_NO_COMMON_BLOCKS = YES;
				GCC_OPTIMIZATION_LEVEL = 0;
				GCC_PREPROCESSOR_DEFINITIONS = (
					"DEBUG=1",
					"$(inherited)",
				);
				GCC_WARN_64_TO_32_BIT_CONVERSION = YES;
				GCC_WARN_ABOUT_RETURN_TYPE = YES_ERROR;
				GCC_WARN_UNDECLARED_SELECTOR = YES;
				GCC_WARN_UNINITIALIZED_AUTOS = YES_AGGRESSIVE;
				GCC_WARN_UNUSED_FUNCTION = YES;
				GCC_WARN_UNUSED_VARIABLE = YES;
				IPHONEOS_DEPLOYMENT_TARGET = 10.3;
				MTL_ENABLE_DEBUG_INFO = YES;
				ONLY_ACTIVE_ARCH = YES;
				SDKROOT = iphoneos;
				SWIFT_ACTIVE_COMPILATION_CONDITIONS = DEBUG;
				SWIFT_OPTIMIZATION_LEVEL = "-Onone";
				TARGETED_DEVICE_FAMILY = "1,2";
			};
			name = Debug;
		};
		D8FD6C7E1ED39F3600442809 /* Release */ = {
			isa = XCBuildConfiguration;
			buildSettings = {
				ALWAYS_SEARCH_USER_PATHS = NO;
				CLANG_ANALYZER_NONNULL = YES;
				CLANG_ANALYZER_NUMBER_OBJECT_CONVERSION = YES_AGGRESSIVE;
				CLANG_CXX_LANGUAGE_STANDARD = "gnu++0x";
				CLANG_CXX_LIBRARY = "libc++";
				CLANG_ENABLE_MODULES = YES;
				CLANG_ENABLE_OBJC_ARC = YES;
				CLANG_WARN_BOOL_CONVERSION = YES;
				CLANG_WARN_CONSTANT_CONVERSION = YES;
				CLANG_WARN_DIRECT_OBJC_ISA_USAGE = YES_ERROR;
				CLANG_WARN_DOCUMENTATION_COMMENTS = YES;
				CLANG_WARN_EMPTY_BODY = YES;
				CLANG_WARN_ENUM_CONVERSION = YES;
				CLANG_WARN_INFINITE_RECURSION = YES;
				CLANG_WARN_INT_CONVERSION = YES;
				CLANG_WARN_OBJC_ROOT_CLASS = YES_ERROR;
				CLANG_WARN_SUSPICIOUS_MOVE = YES;
				CLANG_WARN_UNREACHABLE_CODE = YES;
				CLANG_WARN__DUPLICATE_METHOD_MATCH = YES;
				"CODE_SIGN_IDENTITY[sdk=iphoneos*]" = "iPhone Developer";
				COPY_PHASE_STRIP = NO;
				DEBUG_INFORMATION_FORMAT = "dwarf-with-dsym";
				ENABLE_NS_ASSERTIONS = NO;
				ENABLE_STRICT_OBJC_MSGSEND = YES;
				GCC_C_LANGUAGE_STANDARD = gnu99;
				GCC_NO_COMMON_BLOCKS = YES;
				GCC_WARN_64_TO_32_BIT_CONVERSION = YES;
				GCC_WARN_ABOUT_RETURN_TYPE = YES_ERROR;
				GCC_WARN_UNDECLARED_SELECTOR = YES;
				GCC_WARN_UNINITIALIZED_AUTOS = YES_AGGRESSIVE;
				GCC_WARN_UNUSED_FUNCTION = YES;
				GCC_WARN_UNUSED_VARIABLE = YES;
				IPHONEOS_DEPLOYMENT_TARGET = 10.3;
				MTL_ENABLE_DEBUG_INFO = NO;
				SDKROOT = iphoneos;
				SWIFT_OPTIMIZATION_LEVEL = "-Owholemodule";
				TARGETED_DEVICE_FAMILY = "1,2";
				VALIDATE_PRODUCT = YES;
			};
			name = Release;
		};
		D8FD6C801ED39F3600442809 /* Debug */ = {
			isa = XCBuildConfiguration;
			buildSettings = {
				ASSETCATALOG_COMPILER_APPICON_NAME = AppIcon;
				INFOPLIST_FILE = FontAnimation/Info.plist;
				LD_RUNPATH_SEARCH_PATHS = "$(inherited) @executable_path/Frameworks";
				PRODUCT_BUNDLE_IDENTIFIER = com.regularberry.FontAnimation;
				PRODUCT_NAME = "$(TARGET_NAME)";
				SWIFT_VERSION = 3.0;
			};
			name = Debug;
		};
		D8FD6C811ED39F3600442809 /* Release */ = {
			isa = XCBuildConfiguration;
			buildSettings = {
				ASSETCATALOG_COMPILER_APPICON_NAME = AppIcon;
				INFOPLIST_FILE = FontAnimation/Info.plist;
				LD_RUNPATH_SEARCH_PATHS = "$(inherited) @executable_path/Frameworks";
				PRODUCT_BUNDLE_IDENTIFIER = com.regularberry.FontAnimation;
				PRODUCT_NAME = "$(TARGET_NAME)";
				SWIFT_VERSION = 3.0;
			};
			name = Release;
		};
		D8FD6C831ED39F3600442809 /* Debug */ = {
			isa = XCBuildConfiguration;
			buildSettings = {
				ALWAYS_EMBED_SWIFT_STANDARD_LIBRARIES = YES;
				BUNDLE_LOADER = "$(TEST_HOST)";
				INFOPLIST_FILE = FontAnimationTests/Info.plist;
				LD_RUNPATH_SEARCH_PATHS = "$(inherited) @executable_path/Frameworks @loader_path/Frameworks";
				PRODUCT_BUNDLE_IDENTIFIER = com.regularberry.FontAnimationTests;
				PRODUCT_NAME = "$(TARGET_NAME)";
				SWIFT_VERSION = 3.0;
				TEST_HOST = "$(BUILT_PRODUCTS_DIR)/FontAnimation.app/FontAnimation";
			};
			name = Debug;
		};
		D8FD6C841ED39F3600442809 /* Release */ = {
			isa = XCBuildConfiguration;
			buildSettings = {
				ALWAYS_EMBED_SWIFT_STANDARD_LIBRARIES = YES;
				BUNDLE_LOADER = "$(TEST_HOST)";
				INFOPLIST_FILE = FontAnimationTests/Info.plist;
				LD_RUNPATH_SEARCH_PATHS = "$(inherited) @executable_path/Frameworks @loader_path/Frameworks";
				PRODUCT_BUNDLE_IDENTIFIER = com.regularberry.FontAnimationTests;
				PRODUCT_NAME = "$(TARGET_NAME)";
				SWIFT_VERSION = 3.0;
				TEST_HOST = "$(BUILT_PRODUCTS_DIR)/FontAnimation.app/FontAnimation";
			};
			name = Release;
		};
/* End XCBuildConfiguration section */

/* Begin XCConfigurationList section */
		D8FD6C5D1ED39F3600442809 /* Build configuration list for PBXProject "FontAnimation" */ = {
			isa = XCConfigurationList;
			buildConfigurations = (
				D8FD6C7D1ED39F3600442809 /* Debug */,
				D8FD6C7E1ED39F3600442809 /* Release */,
			);
			defaultConfigurationIsVisible = 0;
			defaultConfigurationName = Release;
		};
		D8FD6C7F1ED39F3600442809 /* Build configuration list for PBXNativeTarget "FontAnimation" */ = {
			isa = XCConfigurationList;
			buildConfigurations = (
				D8FD6C801ED39F3600442809 /* Debug */,
				D8FD6C811ED39F3600442809 /* Release */,
			);
			defaultConfigurationIsVisible = 0;
		};
		D8FD6C821ED39F3600442809 /* Build configuration list for PBXNativeTarget "FontAnimationTests" */ = {
			isa = XCConfigurationList;
			buildConfigurations = (
				D8FD6C831ED39F3600442809 /* Debug */,
				D8FD6C841ED39F3600442809 /* Release */,
			);
			defaultConfigurationIsVisible = 0;
		};
/* End XCConfigurationList section */
	};
	rootObject = D8FD6C5A1ED39F3600442809 /* Project object */;
}
